
Microsoft Visual Studio Solution File, Format Version 12.00
# Visual Studio Version 16
VisualStudioVersion = 16.0.30104.148
MinimumVisualStudioVersion = 10.0.40219.1
Project("{FAE04EC0-301F-11D3-BF4B-00C04F79EFBC}") = "NeuralNetwork", "NeuralNetwork\NeuralNetwork.csproj", "{F0285FC0-991C-4B2D-887D-B3A4D0EBADAF}"
EndProject
Global
	GlobalSection(SolutionConfigurationPlatforms) = preSolution
		Debug|Any CPU = Debug|Any CPU
		Release|Any CPU = Release|Any CPU
	EndGlobalSection
	GlobalSection(ProjectConfigurationPlatforms) = postSolution
		{F0285FC0-991C-4B2D-887D-B3A4D0EBADAF}.Debug|Any CPU.ActiveCfg = Debug|Any CPU
		{F0285FC0-991C-4B2D-887D-B3A4D0EBADAF}.Debug|Any CPU.Build.0 = Debug|Any CPU
		{F0285FC0-991C-4B2D-887D-B3A4D0EBADAF}.Release|Any CPU.ActiveCfg = Release|Any CPU
		{F0285FC0-991C-4B2D-887D-B3A4D0EBADAF}.Release|Any CPU.Build.0 = Release|Any CPU
	EndGlobalSection
	GlobalSection(SolutionProperties) = preSolution
		HideSolutionNode = FALSE
	EndGlobalSection
	GlobalSection(ExtensibilityGlobals) = postSolution
		SolutionGuid = {AFC9E772-ACC0-4963-ADB3-89A86363D738}
	EndGlobalSection
EndGlobal
