
Microsoft Visual Studio Solution File, Format Version 12.00
# Visual Studio Version 16
VisualStudioVersion = 16.0.30104.148
MinimumVisualStudioVersion = 10.0.40219.1
Project("{FAE04EC0-301F-11D3-BF4B-00C04F79EFBC}") = "MiniTC", "MiniTC\MiniTC.csproj", "{92F15133-2954-4C17-978C-39BFC40A7076}"
EndProject
Global
	GlobalSection(SolutionConfigurationPlatforms) = preSolution
		Debug|Any CPU = Debug|Any CPU
		Release|Any CPU = Release|Any CPU
	EndGlobalSection
	GlobalSection(ProjectConfigurationPlatforms) = postSolution
		{92F15133-2954-4C17-978C-39BFC40A7076}.Debug|Any CPU.ActiveCfg = Debug|Any CPU
		{92F15133-2954-4C17-978C-39BFC40A7076}.Debug|Any CPU.Build.0 = Debug|Any CPU
		{92F15133-2954-4C17-978C-39BFC40A7076}.Release|Any CPU.ActiveCfg = Release|Any CPU
		{92F15133-2954-4C17-978C-39BFC40A7076}.Release|Any CPU.Build.0 = Release|Any CPU
	EndGlobalSection
	GlobalSection(SolutionProperties) = preSolution
		HideSolutionNode = FALSE
	EndGlobalSection
	GlobalSection(ExtensibilityGlobals) = postSolution
		SolutionGuid = {F57D5A1F-F404-4995-825B-A65FA5BD12AF}
	EndGlobalSection
EndGlobal
