
Microsoft Visual Studio Solution File, Format Version 12.00
# Visual Studio Version 16
VisualStudioVersion = 16.0.30011.22
MinimumVisualStudioVersion = 10.0.40219.1
Project("{FAE04EC0-301F-11D3-BF4B-00C04F79EFBC}") = "Football-Team-MVVM", "Football-Team-MVVM\Football-Team-MVVM.csproj", "{476BACC4-B175-4921-83B8-E292F11DCCE9}"
EndProject
Global
	GlobalSection(SolutionConfigurationPlatforms) = preSolution
		Debug|Any CPU = Debug|Any CPU
		Release|Any CPU = Release|Any CPU
	EndGlobalSection
	GlobalSection(ProjectConfigurationPlatforms) = postSolution
		{476BACC4-B175-4921-83B8-E292F11DCCE9}.Debug|Any CPU.ActiveCfg = Debug|Any CPU
		{476BACC4-B175-4921-83B8-E292F11DCCE9}.Debug|Any CPU.Build.0 = Debug|Any CPU
		{476BACC4-B175-4921-83B8-E292F11DCCE9}.Release|Any CPU.ActiveCfg = Release|Any CPU
		{476BACC4-B175-4921-83B8-E292F11DCCE9}.Release|Any CPU.Build.0 = Release|Any CPU
	EndGlobalSection
	GlobalSection(SolutionProperties) = preSolution
		HideSolutionNode = FALSE
	EndGlobalSection
	GlobalSection(ExtensibilityGlobals) = postSolution
		SolutionGuid = {33E2E670-BB37-4C90-8DAD-93E831A0B7CF}
	EndGlobalSection
EndGlobal
