
Microsoft Visual Studio Solution File, Format Version 12.00
# Visual Studio Version 16
VisualStudioVersion = 16.0.30104.148
MinimumVisualStudioVersion = 10.0.40219.1
Project("{FAE04EC0-301F-11D3-BF4B-00C04F79EFBC}") = "Particle", "Particle\Particle.csproj", "{8144B0ED-469D-47E7-B094-69236A3B4ACF}"
EndProject
Global
	GlobalSection(SolutionConfigurationPlatforms) = preSolution
		Debug|Any CPU = Debug|Any CPU
		Release|Any CPU = Release|Any CPU
	EndGlobalSection
	GlobalSection(ProjectConfigurationPlatforms) = postSolution
		{8144B0ED-469D-47E7-B094-69236A3B4ACF}.Debug|Any CPU.ActiveCfg = Debug|Any CPU
		{8144B0ED-469D-47E7-B094-69236A3B4ACF}.Debug|Any CPU.Build.0 = Debug|Any CPU
		{8144B0ED-469D-47E7-B094-69236A3B4ACF}.Release|Any CPU.ActiveCfg = Release|Any CPU
		{8144B0ED-469D-47E7-B094-69236A3B4ACF}.Release|Any CPU.Build.0 = Release|Any CPU
	EndGlobalSection
	GlobalSection(SolutionProperties) = preSolution
		HideSolutionNode = FALSE
	EndGlobalSection
	GlobalSection(ExtensibilityGlobals) = postSolution
		SolutionGuid = {4DF9D957-8C14-4893-A35C-75DBEA139EA0}
	EndGlobalSection
EndGlobal
